
Microsoft Visual Studio Solution File, Format Version 11.00
# Visual Studio 2010
Project("{FAE04EC0-301F-11D3-BF4B-00C04F79EFBC}") = "ThirteenDaysAWeek.AzureCustomAuth", "ThirteenDaysAWeek.AzureCustomAuth\ThirteenDaysAWeek.AzureCustomAuth.csproj", "{2F9B9325-CF7C-4ABB-9781-06720F594A88}"
EndProject
Global
	GlobalSection(SolutionConfigurationPlatforms) = preSolution
		Debug|iPhoneSimulator = Debug|iPhoneSimulator
		Release|iPhoneSimulator = Release|iPhoneSimulator
		Debug|iPhone = Debug|iPhone
		Release|iPhone = Release|iPhone
		Ad-Hoc|iPhone = Ad-Hoc|iPhone
		AppStore|iPhone = AppStore|iPhone
	EndGlobalSection
	GlobalSection(ProjectConfigurationPlatforms) = postSolution
		{2F9B9325-CF7C-4ABB-9781-06720F594A88}.Ad-Hoc|iPhone.ActiveCfg = Ad-Hoc|iPhone
		{2F9B9325-CF7C-4ABB-9781-06720F594A88}.Ad-Hoc|iPhone.Build.0 = Ad-Hoc|iPhone
		{2F9B9325-CF7C-4ABB-9781-06720F594A88}.AppStore|iPhone.ActiveCfg = AppStore|iPhone
		{2F9B9325-CF7C-4ABB-9781-06720F594A88}.AppStore|iPhone.Build.0 = AppStore|iPhone
		{2F9B9325-CF7C-4ABB-9781-06720F594A88}.Debug|iPhone.ActiveCfg = Debug|iPhone
		{2F9B9325-CF7C-4ABB-9781-06720F594A88}.Debug|iPhone.Build.0 = Debug|iPhone
		{2F9B9325-CF7C-4ABB-9781-06720F594A88}.Debug|iPhoneSimulator.ActiveCfg = Debug|iPhoneSimulator
		{2F9B9325-CF7C-4ABB-9781-06720F594A88}.Debug|iPhoneSimulator.Build.0 = Debug|iPhoneSimulator
		{2F9B9325-CF7C-4ABB-9781-06720F594A88}.Release|iPhone.ActiveCfg = Release|iPhone
		{2F9B9325-CF7C-4ABB-9781-06720F594A88}.Release|iPhone.Build.0 = Release|iPhone
		{2F9B9325-CF7C-4ABB-9781-06720F594A88}.Release|iPhoneSimulator.ActiveCfg = Release|iPhoneSimulator
		{2F9B9325-CF7C-4ABB-9781-06720F594A88}.Release|iPhoneSimulator.Build.0 = Release|iPhoneSimulator
	EndGlobalSection
	GlobalSection(MonoDevelopProperties) = preSolution
		StartupItem = ThirteenDaysAWeek.AzureCustomAuth\ThirteenDaysAWeek.AzureCustomAuth.csproj
		Policies = $0
		$0.DotNetNamingPolicy = $1
		$1.DirectoryNamespaceAssociation = PrefixedHierarchical
		$1.ResourceNamePolicy = FileFormatDefault
		$0.TextStylePolicy = $2
		$2.inheritsSet = null
		$2.scope = text/x-csharp
		$0.CSharpFormattingPolicy = $3
		$3.BeforeMethodDeclarationParentheses = False
		$3.BeforeMethodCallParentheses = False
		$3.BeforeConstructorDeclarationParentheses = False
		$3.BeforeIndexerDeclarationBracket = False
		$3.BeforeDelegateDeclarationParentheses = False
		$3.AfterDelegateDeclarationParameterComma = True
		$3.NewParentheses = False
		$3.SpacesBeforeBrackets = False
		$3.inheritsSet = Mono
		$3.inheritsScope = text/x-csharp
		$3.scope = text/x-csharp
	EndGlobalSection
EndGlobal
